
Microsoft Visual Studio Solution File, Format Version 12.00
# Visual Studio 15
VisualStudioVersion = 15.0.27130.2010
MinimumVisualStudioVersion = 10.0.40219.1
Project("{FAE04EC0-301F-11D3-BF4B-00C04F79EFBC}") = "GessNumber", "GessNumber\GessNumber.csproj", "{E16A4F6C-B0FD-43A7-9E5A-36B972FFACF2}"
EndProject
Global
	GlobalSection(SolutionConfigurationPlatforms) = preSolution
		Debug|Any CPU = Debug|Any CPU
		Release|Any CPU = Release|Any CPU
	EndGlobalSection
	GlobalSection(ProjectConfigurationPlatforms) = postSolution
		{E16A4F6C-B0FD-43A7-9E5A-36B972FFACF2}.Debug|Any CPU.ActiveCfg = Debug|Any CPU
		{E16A4F6C-B0FD-43A7-9E5A-36B972FFACF2}.Debug|Any CPU.Build.0 = Debug|Any CPU
		{E16A4F6C-B0FD-43A7-9E5A-36B972FFACF2}.Release|Any CPU.ActiveCfg = Release|Any CPU
		{E16A4F6C-B0FD-43A7-9E5A-36B972FFACF2}.Release|Any CPU.Build.0 = Release|Any CPU
	EndGlobalSection
	GlobalSection(SolutionProperties) = preSolution
		HideSolutionNode = FALSE
	EndGlobalSection
	GlobalSection(ExtensibilityGlobals) = postSolution
		SolutionGuid = {6007BBBC-D15B-4F5A-88C9-D8D24F4580D7}
	EndGlobalSection
EndGlobal
